// !$*UTF8*$!
{
	archiveVersion = 1;
	classes = {
	};
	objectVersion = 50;
	objects = {

/* Begin PBXBuildFile section */
		D6CC6E722581160F004B6E2A /* kadai3Image2.png in Resources */ = {isa = PBXBuildFile; fileRef = D6CC6E6C2581160F004B6E2A /* kadai3Image2.png */; };
		D6CC6E732581160F004B6E2A /* kadai3Image1.png in Resources */ = {isa = PBXBuildFile; fileRef = D6CC6E6D2581160F004B6E2A /* kadai3Image1.png */; };
		D6CC6E742581160F004B6E2A /* kadai3Image3.png in Resources */ = {isa = PBXBuildFile; fileRef = D6CC6E6E2581160F004B6E2A /* kadai3Image3.png */; };
		D6CC6E752581160F004B6E2A /* kadai3Image5.png in Resources */ = {isa = PBXBuildFile; fileRef = D6CC6E6F2581160F004B6E2A /* kadai3Image5.png */; };
		D6CC6E762581160F004B6E2A /* kadai3Image4.png in Resources */ = {isa = PBXBuildFile; fileRef = D6CC6E702581160F004B6E2A /* kadai3Image4.png */; };
		D6CC6E772581160F004B6E2A /* kadai3Image6.png in Resources */ = {isa = PBXBuildFile; fileRef = D6CC6E712581160F004B6E2A /* kadai3Image6.png */; };
		D6F1381125763EBF008B317D /* AppDelegate.swift in Sources */ = {isa = PBXBuildFile; fileRef = D6F1381025763EBF008B317D /* AppDelegate.swift */; };
		D6F1381325763EBF008B317D /* SceneDelegate.swift in Sources */ = {isa = PBXBuildFile; fileRef = D6F1381225763EBF008B317D /* SceneDelegate.swift */; };
		D6F1381525763EC0008B317D /* ViewController.swift in Sources */ = {isa = PBXBuildFile; fileRef = D6F1381425763EBF008B317D /* ViewController.swift */; };
		D6F1381825763EC0008B317D /* Main.storyboard in Resources */ = {isa = PBXBuildFile; fileRef = D6F1381625763EC0008B317D /* Main.storyboard */; };
		D6F1381A25763EC4008B317D /* Assets.xcassets in Resources */ = {isa = PBXBuildFile; fileRef = D6F1381925763EC4008B317D /* Assets.xcassets */; };
		D6F1381D25763EC4008B317D /* LaunchScreen.storyboard in Resources */ = {isa = PBXBuildFile; fileRef = D6F1381B25763EC4008B317D /* LaunchScreen.storyboard */; };
		D6F1382525763FBC008B317D /* EnlargedViewController.swift in Sources */ = {isa = PBXBuildFile; fileRef = D6F1382425763FBC008B317D /* EnlargedViewController.swift */; };
/* End PBXBuildFile section */

/* Begin PBXFileReference section */
		D6CC6E6C2581160F004B6E2A /* kadai3Image2.png */ = {isa = PBXFileReference; lastKnownFileType = image.png; name = kadai3Image2.png; path = "材料/kadai3Image2.png"; sourceTree = SOURCE_ROOT; };
		D6CC6E6D2581160F004B6E2A /* kadai3Image1.png */ = {isa = PBXFileReference; lastKnownFileType = image.png; name = kadai3Image1.png; path = "材料/kadai3Image1.png"; sourceTree = SOURCE_ROOT; };
		D6CC6E6E2581160F004B6E2A /* kadai3Image3.png */ = {isa = PBXFileReference; lastKnownFileType = image.png; name = kadai3Image3.png; path = "材料/kadai3Image3.png"; sourceTree = SOURCE_ROOT; };
		D6CC6E6F2581160F004B6E2A /* kadai3Image5.png */ = {isa = PBXFileReference; lastKnownFileType = image.png; name = kadai3Image5.png; path = "材料/kadai3Image5.png"; sourceTree = SOURCE_ROOT; };
		D6CC6E702581160F004B6E2A /* kadai3Image4.png */ = {isa = PBXFileReference; lastKnownFileType = image.png; name = kadai3Image4.png; path = "材料/kadai3Image4.png"; sourceTree = SOURCE_ROOT; };
		D6CC6E712581160F004B6E2A /* kadai3Image6.png */ = {isa = PBXFileReference; lastKnownFileType = image.png; name = kadai3Image6.png; path = "材料/kadai3Image6.png"; sourceTree = SOURCE_ROOT; };
		D6F1380D25763EBF008B317D /* SlideshowApp.app */ = {isa = PBXFileReference; explicitFileType = wrapper.application; includeInIndex = 0; path = SlideshowApp.app; sourceTree = BUILT_PRODUCTS_DIR; };
		D6F1381025763EBF008B317D /* AppDelegate.swift */ = {isa = PBXFileReference; lastKnownFileType = sourcecode.swift; path = AppDelegate.swift; sourceTree = "<group>"; };
		D6F1381225763EBF008B317D /* SceneDelegate.swift */ = {isa = PBXFileReference; lastKnownFileType = sourcecode.swift; path = SceneDelegate.swift; sourceTree = "<group>"; };
		D6F1381425763EBF008B317D /* ViewController.swift */ = {isa = PBXFileReference; lastKnownFileType = sourcecode.swift; path = ViewController.swift; sourceTree = "<group>"; };
		D6F1381725763EC0008B317D /* Base */ = {isa = PBXFileReference; lastKnownFileType = file.storyboard; name = Base; path = Base.lproj/Main.storyboard; sourceTree = "<group>"; };
		D6F1381925763EC4008B317D /* Assets.xcassets */ = {isa = PBXFileReference; lastKnownFileType = folder.assetcatalog; path = Assets.xcassets; sourceTree = "<group>"; };
		D6F1381C25763EC4008B317D /* Base */ = {isa = PBXFileReference; lastKnownFileType = file.storyboard; name = Base; path = Base.lproj/LaunchScreen.storyboard; sourceTree = "<group>"; };
		D6F1381E25763EC4008B317D /* Info.plist */ = {isa = PBXFileReference; lastKnownFileType = text.plist.xml; path = Info.plist; sourceTree = "<group>"; };
		D6F1382425763FBC008B317D /* EnlargedViewController.swift */ = {isa = PBXFileReference; lastKnownFileType = sourcecode.swift; path = EnlargedViewController.swift; sourceTree = "<group>"; };
/* End PBXFileReference section */

/* Begin PBXFrameworksBuildPhase section */
		D6F1380A25763EBF008B317D /* Frameworks */ = {
			isa = PBXFrameworksBuildPhase;
			buildActionMask = 2147483647;
			files = (
			);
			runOnlyForDeploymentPostprocessing = 0;
		};
/* End PBXFrameworksBuildPhase section */

/* Begin PBXGroup section */
		D6363085257FA6B80099ED9D /* imageFolder */ = {
			isa = PBXGroup;
			children = (
				D6CC6E6D2581160F004B6E2A /* kadai3Image1.png */,
				D6CC6E6C2581160F004B6E2A /* kadai3Image2.png */,
				D6CC6E6E2581160F004B6E2A /* kadai3Image3.png */,
				D6CC6E702581160F004B6E2A /* kadai3Image4.png */,
				D6CC6E6F2581160F004B6E2A /* kadai3Image5.png */,
				D6CC6E712581160F004B6E2A /* kadai3Image6.png */,
			);
			path = imageFolder;
			sourceTree = "<group>";
		};
		D6F1380425763EBF008B317D = {
			isa = PBXGroup;
			children = (
				D6F1380F25763EBF008B317D /* SlideshowApp */,
				D6F1380E25763EBF008B317D /* Products */,
			);
			sourceTree = "<group>";
		};
		D6F1380E25763EBF008B317D /* Products */ = {
			isa = PBXGroup;
			children = (
				D6F1380D25763EBF008B317D /* SlideshowApp.app */,
			);
			name = Products;
			sourceTree = "<group>";
		};
		D6F1380F25763EBF008B317D /* SlideshowApp */ = {
			isa = PBXGroup;
			children = (
				D6F1381025763EBF008B317D /* AppDelegate.swift */,
				D6F1381225763EBF008B317D /* SceneDelegate.swift */,
				D6F1381425763EBF008B317D /* ViewController.swift */,
				D6F1382425763FBC008B317D /* EnlargedViewController.swift */,
				D6F1381625763EC0008B317D /* Main.storyboard */,
				D6F1381925763EC4008B317D /* Assets.xcassets */,
				D6F1381B25763EC4008B317D /* LaunchScreen.storyboard */,
				D6F1381E25763EC4008B317D /* Info.plist */,
				D6363085257FA6B80099ED9D /* imageFolder */,
			);
			path = SlideshowApp;
			sourceTree = "<group>";
		};
/* End PBXGroup section */

/* Begin PBXNativeTarget section */
		D6F1380C25763EBF008B317D /* SlideshowApp */ = {
			isa = PBXNativeTarget;
			buildConfigurationList = D6F1382125763EC4008B317D /* Build configuration list for PBXNativeTarget "SlideshowApp" */;
			buildPhases = (
				D6F1380925763EBF008B317D /* Sources */,
				D6F1380A25763EBF008B317D /* Frameworks */,
				D6F1380B25763EBF008B317D /* Resources */,
			);
			buildRules = (
			);
			dependencies = (
			);
			name = SlideshowApp;
			productName = SlideshowApp;
			productReference = D6F1380D25763EBF008B317D /* SlideshowApp.app */;
			productType = "com.apple.product-type.application";
		};
/* End PBXNativeTarget section */

/* Begin PBXProject section */
		D6F1380525763EBF008B317D /* Project object */ = {
			isa = PBXProject;
			attributes = {
				LastSwiftUpdateCheck = 1150;
				LastUpgradeCheck = 1150;
				ORGANIZATIONNAME = kmzstdbnsh;
				TargetAttributes = {
					D6F1380C25763EBF008B317D = {
						CreatedOnToolsVersion = 11.5;
					};
				};
			};
			buildConfigurationList = D6F1380825763EBF008B317D /* Build configuration list for PBXProject "SlideshowApp" */;
			compatibilityVersion = "Xcode 9.3";
			developmentRegion = en;
			hasScannedForEncodings = 0;
			knownRegions = (
				en,
				Base,
			);
			mainGroup = D6F1380425763EBF008B317D;
			productRefGroup = D6F1380E25763EBF008B317D /* Products */;
			projectDirPath = "";
			projectRoot = "";
			targets = (
				D6F1380C25763EBF008B317D /* SlideshowApp */,
			);
		};
/* End PBXProject section */

/* Begin PBXResourcesBuildPhase section */
		D6F1380B25763EBF008B317D /* Resources */ = {
			isa = PBXResourcesBuildPhase;
			buildActionMask = 2147483647;
			files = (
				D6CC6E742581160F004B6E2A /* kadai3Image3.png in Resources */,
				D6F1381D25763EC4008B317D /* LaunchScreen.storyboard in Resources */,
				D6CC6E722581160F004B6E2A /* kadai3Image2.png in Resources */,
				D6CC6E772581160F004B6E2A /* kadai3Image6.png in Resources */,
				D6CC6E732581160F004B6E2A /* kadai3Image1.png in Resources */,
				D6F1381A25763EC4008B317D /* Assets.xcassets in Resources */,
				D6CC6E752581160F004B6E2A /* kadai3Image5.png in Resources */,
				D6F1381825763EC0008B317D /* Main.storyboard in Resources */,
				D6CC6E762581160F004B6E2A /* kadai3Image4.png in Resources */,
			);
			runOnlyForDeploymentPostprocessing = 0;
		};
/* End PBXResourcesBuildPhase section */

/* Begin PBXSourcesBuildPhase section */
		D6F1380925763EBF008B317D /* Sources */ = {
			isa = PBXSourcesBuildPhase;
			buildActionMask = 2147483647;
			files = (
				D6F1382525763FBC008B317D /* EnlargedViewController.swift in Sources */,
				D6F1381525763EC0008B317D /* ViewController.swift in Sources */,
				D6F1381125763EBF008B317D /* AppDelegate.swift in Sources */,
				D6F1381325763EBF008B317D /* SceneDelegate.swift in Sources */,
			);
			runOnlyForDeploymentPostprocessing = 0;
		};
/* End PBXSourcesBuildPhase section */

/* Begin PBXVariantGroup section */
		D6F1381625763EC0008B317D /* Main.storyboard */ = {
			isa = PBXVariantGroup;
			children = (
				D6F1381725763EC0008B317D /* Base */,
			);
			name = Main.storyboard;
			sourceTree = "<group>";
		};
		D6F1381B25763EC4008B317D /* LaunchScreen.storyboard */ = {
			isa = PBXVariantGroup;
			children = (
				D6F1381C25763EC4008B317D /* Base */,
			);
			name = LaunchScreen.storyboard;
			sourceTree = "<group>";
		};
/* End PBXVariantGroup section */

/* Begin XCBuildConfiguration section */
		D6F1381F25763EC4008B317D /* Debug */ = {
			isa = XCBuildConfiguration;
			buildSettings = {
				ALWAYS_SEARCH_USER_PATHS = NO;
				CLANG_ANALYZER_NONNULL = YES;
				CLANG_ANALYZER_NUMBER_OBJECT_CONVERSION = YES_AGGRESSIVE;
				CLANG_CXX_LANGUAGE_STANDARD = "gnu++14";
				CLANG_CXX_LIBRARY = "libc++";
				CLANG_ENABLE_MODULES = YES;
				CLANG_ENABLE_OBJC_ARC = YES;
				CLANG_ENABLE_OBJC_WEAK = YES;
				CLANG_WARN_BLOCK_CAPTURE_AUTORELEASING = YES;
				CLANG_WARN_BOOL_CONVERSION = YES;
				CLANG_WARN_COMMA = YES;
				CLANG_WARN_CONSTANT_CONVERSION = YES;
				CLANG_WARN_DEPRECATED_OBJC_IMPLEMENTATIONS = YES;
				CLANG_WARN_DIRECT_OBJC_ISA_USAGE = YES_ERROR;
				CLANG_WARN_DOCUMENTATION_COMMENTS = YES;
				CLANG_WARN_EMPTY_BODY = YES;
				CLANG_WARN_ENUM_CONVERSION = YES;
				CLANG_WARN_INFINITE_RECURSION = YES;
				CLANG_WARN_INT_CONVERSION = YES;
				CLANG_WARN_NON_LITERAL_NULL_CONVERSION = YES;
				CLANG_WARN_OBJC_IMPLICIT_RETAIN_SELF = YES;
				CLANG_WARN_OBJC_LITERAL_CONVERSION = YES;
				CLANG_WARN_OBJC_ROOT_CLASS = YES_ERROR;
				CLANG_WARN_RANGE_LOOP_ANALYSIS = YES;
				CLANG_WARN_STRICT_PROTOTYPES = YES;
				CLANG_WARN_SUSPICIOUS_MOVE = YES;
				CLANG_WARN_UNGUARDED_AVAILABILITY = YES_AGGRESSIVE;
				CLANG_WARN_UNREACHABLE_CODE = YES;
				CLANG_WARN__DUPLICATE_METHOD_MATCH = YES;
				COPY_PHASE_STRIP = NO;
				DEBUG_INFORMATION_FORMAT = dwarf;
				ENABLE_STRICT_OBJC_MSGSEND = YES;
				ENABLE_TESTABILITY = YES;
				GCC_C_LANGUAGE_STANDARD = gnu11;
				GCC_DYNAMIC_NO_PIC = NO;
				GCC_NO_COMMON_BLOCKS = YES;
				GCC_OPTIMIZATION_LEVEL = 0;
				GCC_PREPROCESSOR_DEFINITIONS = (
					"DEBUG=1",
					"$(inherited)",
				);
				GCC_WARN_64_TO_32_BIT_CONVERSION = YES;
				GCC_WARN_ABOUT_RETURN_TYPE = YES_ERROR;
				GCC_WARN_UNDECLARED_SELECTOR = YES;
				GCC_WARN_UNINITIALIZED_AUTOS = YES_AGGRESSIVE;
				GCC_WARN_UNUSED_FUNCTION = YES;
				GCC_WARN_UNUSED_VARIABLE = YES;
				IPHONEOS_DEPLOYMENT_TARGET = 13.5;
				MTL_ENABLE_DEBUG_INFO = INCLUDE_SOURCE;
				MTL_FAST_MATH = YES;
				ONLY_ACTIVE_ARCH = YES;
				SDKROOT = iphoneos;
				SWIFT_ACTIVE_COMPILATION_CONDITIONS = DEBUG;
				SWIFT_OPTIMIZATION_LEVEL = "-Onone";
			};
			name = Debug;
		};
		D6F1382025763EC4008B317D /* Release */ = {
			isa = XCBuildConfiguration;
			buildSettings = {
				ALWAYS_SEARCH_USER_PATHS = NO;
				CLANG_ANALYZER_NONNULL = YES;
				CLANG_ANALYZER_NUMBER_OBJECT_CONVERSION = YES_AGGRESSIVE;
				CLANG_CXX_LANGUAGE_STANDARD = "gnu++14";
				CLANG_CXX_LIBRARY = "libc++";
				CLANG_ENABLE_MODULES = YES;
				CLANG_ENABLE_OBJC_ARC = YES;
				CLANG_ENABLE_OBJC_WEAK = YES;
				CLANG_WARN_BLOCK_CAPTURE_AUTORELEASING = YES;
				CLANG_WARN_BOOL_CONVERSION = YES;
				CLANG_WARN_COMMA = YES;
				CLANG_WARN_CONSTANT_CONVERSION = YES;
				CLANG_WARN_DEPRECATED_OBJC_IMPLEMENTATIONS = YES;
				CLANG_WARN_DIRECT_OBJC_ISA_USAGE = YES_ERROR;
				CLANG_WARN_DOCUMENTATION_COMMENTS = YES;
				CLANG_WARN_EMPTY_BODY = YES;
				CLANG_WARN_ENUM_CONVERSION = YES;
				CLANG_WARN_INFINITE_RECURSION = YES;
				CLANG_WARN_INT_CONVERSION = YES;
				CLANG_WARN_NON_LITERAL_NULL_CONVERSION = YES;
				CLANG_WARN_OBJC_IMPLICIT_RETAIN_SELF = YES;
				CLANG_WARN_OBJC_LITERAL_CONVERSION = YES;
				CLANG_WARN_OBJC_ROOT_CLASS = YES_ERROR;
				CLANG_WARN_RANGE_LOOP_ANALYSIS = YES;
				CLANG_WARN_STRICT_PROTOTYPES = YES;
				CLANG_WARN_SUSPICIOUS_MOVE = YES;
				CLANG_WARN_UNGUARDED_AVAILABILITY = YES_AGGRESSIVE;
				CLANG_WARN_UNREACHABLE_CODE = YES;
				CLANG_WARN__DUPLICATE_METHOD_MATCH = YES;
				COPY_PHASE_STRIP = NO;
				DEBUG_INFORMATION_FORMAT = "dwarf-with-dsym";
				ENABLE_NS_ASSERTIONS = NO;
				ENABLE_STRICT_OBJC_MSGSEND = YES;
				GCC_C_LANGUAGE_STANDARD = gnu11;
				GCC_NO_COMMON_BLOCKS = YES;
				GCC_WARN_64_TO_32_BIT_CONVERSION = YES;
				GCC_WARN_ABOUT_RETURN_TYPE = YES_ERROR;
				GCC_WARN_UNDECLARED_SELECTOR = YES;
				GCC_WARN_UNINITIALIZED_AUTOS = YES_AGGRESSIVE;
				GCC_WARN_UNUSED_FUNCTION = YES;
				GCC_WARN_UNUSED_VARIABLE = YES;
				IPHONEOS_DEPLOYMENT_TARGET = 13.5;
				MTL_ENABLE_DEBUG_INFO = NO;
				MTL_FAST_MATH = YES;
				SDKROOT = iphoneos;
				SWIFT_COMPILATION_MODE = wholemodule;
				SWIFT_OPTIMIZATION_LEVEL = "-O";
				VALIDATE_PRODUCT = YES;
			};
			name = Release;
		};
		D6F1382225763EC4008B317D /* Debug */ = {
			isa = XCBuildConfiguration;
			buildSettings = {
				ASSETCATALOG_COMPILER_APPICON_NAME = AppIcon;
				CODE_SIGN_STYLE = Automatic;
				DEVELOPMENT_TEAM = 53VZA493RC;
				INFOPLIST_FILE = SlideshowApp/Info.plist;
				LD_RUNPATH_SEARCH_PATHS = (
					"$(inherited)",
					"@executable_path/Frameworks",
				);
				PRODUCT_BUNDLE_IDENTIFIER = jp.techacademy.kmzstdbnsh.SlideshowApp;
				PRODUCT_NAME = "$(TARGET_NAME)";
				SWIFT_VERSION = 5.0;
				TARGETED_DEVICE_FAMILY = "1,2";
			};
			name = Debug;
		};
		D6F1382325763EC4008B317D /* Release */ = {
			isa = XCBuildConfiguration;
			buildSettings = {
				ASSETCATALOG_COMPILER_APPICON_NAME = AppIcon;
				CODE_SIGN_STYLE = Automatic;
				DEVELOPMENT_TEAM = 53VZA493RC;
				INFOPLIST_FILE = SlideshowApp/Info.plist;
				LD_RUNPATH_SEARCH_PATHS = (
					"$(inherited)",
					"@executable_path/Frameworks",
				);
				PRODUCT_BUNDLE_IDENTIFIER = jp.techacademy.kmzstdbnsh.SlideshowApp;
				PRODUCT_NAME = "$(TARGET_NAME)";
				SWIFT_VERSION = 5.0;
				TARGETED_DEVICE_FAMILY = "1,2";
			};
			name = Release;
		};
/* End XCBuildConfiguration section */

/* Begin XCConfigurationList section */
		D6F1380825763EBF008B317D /* Build configuration list for PBXProject "SlideshowApp" */ = {
			isa = XCConfigurationList;
			buildConfigurations = (
				D6F1381F25763EC4008B317D /* Debug */,
				D6F1382025763EC4008B317D /* Release */,
			);
			defaultConfigurationIsVisible = 0;
			defaultConfigurationName = Release;
		};
		D6F1382125763EC4008B317D /* Build configuration list for PBXNativeTarget "SlideshowApp" */ = {
			isa = XCConfigurationList;
			buildConfigurations = (
				D6F1382225763EC4008B317D /* Debug */,
				D6F1382325763EC4008B317D /* Release */,
			);
			defaultConfigurationIsVisible = 0;
			defaultConfigurationName = Release;
		};
/* End XCConfigurationList section */
	};
	rootObject = D6F1380525763EBF008B317D /* Project object */;
}
